
Microsoft Visual Studio Solution File, Format Version 12.00
# Visual Studio Version 16
VisualStudioVersion = 16.0.29911.84
MinimumVisualStudioVersion = 10.0.40219.1
Project("{2150E333-8FDC-42A3-9474-1A3956D46DE8}") = "source", "source", "{C844DC29-F7DF-4B90-B31A-E49424420FC8}"
EndProject
Project("{2150E333-8FDC-42A3-9474-1A3956D46DE8}") = "tests", "tests", "{0709206C-A79A-4DA2-A4DB-B18398611B8E}"
EndProject
Project("{2150E333-8FDC-42A3-9474-1A3956D46DE8}") = "docs", "docs", "{844DD10F-A948-4BBB-9A36-F77ED04F05E0}"
EndProject
Project("{9A19103F-16F7-4668-BE54-9A1E7A4F7556}") = "Append.AntDesign.Documentation", "docs\Append.AntDesign.Documentation\Append.AntDesign.Documentation.csproj", "{05FDA977-143A-4B74-ADA3-D2AA3A73BB18}"
EndProject
Project("{9A19103F-16F7-4668-BE54-9A1E7A4F7556}") = "Append.AntDesign.Styling", "source\Append.AntDesign.Styling\Append.AntDesign.Styling.csproj", "{939D2067-434B-4F96-B5C1-B7F7B46F8A4C}"
EndProject
Project("{2150E333-8FDC-42A3-9474-1A3956D46DE8}") = "infrastructure", "infrastructure", "{2DE6608D-CAEB-4F58-B7C5-90E849FB4F8D}"
	ProjectSection(SolutionItems) = preProject
		infrastructure\.nojekyll = infrastructure\.nojekyll
		infrastructure\404.html = infrastructure\404.html
		infrastructure\index.html = infrastructure\index.html
		LICENSE = LICENSE
		README.md = README.md
	EndProjectSection
EndProject
Project("{9A19103F-16F7-4668-BE54-9A1E7A4F7556}") = "Append.AntDesign.Documentation.Standalone", "docs\Append.AntDesign.Documentation.Standalone\Append.AntDesign.Documentation.Standalone.csproj", "{5BD635E4-0398-4CA4-8760-0F10D9A0943D}"
EndProject
Project("{9A19103F-16F7-4668-BE54-9A1E7A4F7556}") = "Append.AntDesign.Documentation.Server", "docs\Append.AntDesign.Documentation.Server\Append.AntDesign.Documentation.Server.csproj", "{401C4C65-F6A7-4D3C-81DC-2D2C5D0CCD85}"
EndProject
Project("{9A19103F-16F7-4668-BE54-9A1E7A4F7556}") = "Append.AntDesign", "source\Append.AntDesign\Append.AntDesign.csproj", "{BE621C4A-49BC-492F-8355-407B37EBB26D}"
EndProject
Global
	GlobalSection(SolutionConfigurationPlatforms) = preSolution
		Debug|Any CPU = Debug|Any CPU
		Release|Any CPU = Release|Any CPU
	EndGlobalSection
	GlobalSection(ProjectConfigurationPlatforms) = postSolution
		{05FDA977-143A-4B74-ADA3-D2AA3A73BB18}.Debug|Any CPU.ActiveCfg = Debug|Any CPU
		{05FDA977-143A-4B74-ADA3-D2AA3A73BB18}.Debug|Any CPU.Build.0 = Debug|Any CPU
		{05FDA977-143A-4B74-ADA3-D2AA3A73BB18}.Release|Any CPU.ActiveCfg = Release|Any CPU
		{05FDA977-143A-4B74-ADA3-D2AA3A73BB18}.Release|Any CPU.Build.0 = Release|Any CPU
		{939D2067-434B-4F96-B5C1-B7F7B46F8A4C}.Debug|Any CPU.ActiveCfg = Debug|Any CPU
		{939D2067-434B-4F96-B5C1-B7F7B46F8A4C}.Debug|Any CPU.Build.0 = Debug|Any CPU
		{939D2067-434B-4F96-B5C1-B7F7B46F8A4C}.Release|Any CPU.ActiveCfg = Release|Any CPU
		{939D2067-434B-4F96-B5C1-B7F7B46F8A4C}.Release|Any CPU.Build.0 = Release|Any CPU
		{5BD635E4-0398-4CA4-8760-0F10D9A0943D}.Debug|Any CPU.ActiveCfg = Debug|Any CPU
		{5BD635E4-0398-4CA4-8760-0F10D9A0943D}.Debug|Any CPU.Build.0 = Debug|Any CPU
		{5BD635E4-0398-4CA4-8760-0F10D9A0943D}.Release|Any CPU.ActiveCfg = Release|Any CPU
		{5BD635E4-0398-4CA4-8760-0F10D9A0943D}.Release|Any CPU.Build.0 = Release|Any CPU
		{401C4C65-F6A7-4D3C-81DC-2D2C5D0CCD85}.Debug|Any CPU.ActiveCfg = Debug|Any CPU
		{401C4C65-F6A7-4D3C-81DC-2D2C5D0CCD85}.Debug|Any CPU.Build.0 = Debug|Any CPU
		{401C4C65-F6A7-4D3C-81DC-2D2C5D0CCD85}.Release|Any CPU.ActiveCfg = Release|Any CPU
		{401C4C65-F6A7-4D3C-81DC-2D2C5D0CCD85}.Release|Any CPU.Build.0 = Release|Any CPU
		{BE621C4A-49BC-492F-8355-407B37EBB26D}.Debug|Any CPU.ActiveCfg = Debug|Any CPU
		{BE621C4A-49BC-492F-8355-407B37EBB26D}.Debug|Any CPU.Build.0 = Debug|Any CPU
		{BE621C4A-49BC-492F-8355-407B37EBB26D}.Release|Any CPU.ActiveCfg = Release|Any CPU
		{BE621C4A-49BC-492F-8355-407B37EBB26D}.Release|Any CPU.Build.0 = Release|Any CPU
	EndGlobalSection
	GlobalSection(SolutionProperties) = preSolution
		HideSolutionNode = FALSE
	EndGlobalSection
	GlobalSection(NestedProjects) = preSolution
		{05FDA977-143A-4B74-ADA3-D2AA3A73BB18} = {844DD10F-A948-4BBB-9A36-F77ED04F05E0}
		{939D2067-434B-4F96-B5C1-B7F7B46F8A4C} = {C844DC29-F7DF-4B90-B31A-E49424420FC8}
		{5BD635E4-0398-4CA4-8760-0F10D9A0943D} = {844DD10F-A948-4BBB-9A36-F77ED04F05E0}
		{401C4C65-F6A7-4D3C-81DC-2D2C5D0CCD85} = {844DD10F-A948-4BBB-9A36-F77ED04F05E0}
		{BE621C4A-49BC-492F-8355-407B37EBB26D} = {C844DC29-F7DF-4B90-B31A-E49424420FC8}
	EndGlobalSection
	GlobalSection(ExtensibilityGlobals) = postSolution
		SolutionGuid = {E1001164-EA27-441E-8E4B-4DAD2E2FB3DA}
	EndGlobalSection
EndGlobal
